
Microsoft Visual Studio Solution File, Format Version 12.00
# Visual Studio Version 17
VisualStudioVersion = 17.9.34728.123
MinimumVisualStudioVersion = 10.0.40219.1
Project("{FAE04EC0-301F-11D3-BF4B-00C04F79EFBC}") = "Universal Scraper", "Universal Scraper\Universal Scraper.csproj", "{D8F564B5-4511-49AF-A6D7-71D7600A7C37}"
EndProject
Global
	GlobalSection(SolutionConfigurationPlatforms) = preSolution
		Debug|Any CPU = Debug|Any CPU
		Release|Any CPU = Release|Any CPU
	EndGlobalSection
	GlobalSection(ProjectConfigurationPlatforms) = postSolution
		{D8F564B5-4511-49AF-A6D7-71D7600A7C37}.Debug|Any CPU.ActiveCfg = Debug|Any CPU
		{D8F564B5-4511-49AF-A6D7-71D7600A7C37}.Debug|Any CPU.Build.0 = Debug|Any CPU
		{D8F564B5-4511-49AF-A6D7-71D7600A7C37}.Debug|Any CPU.Deploy.0 = Debug|Any CPU
		{D8F564B5-4511-49AF-A6D7-71D7600A7C37}.Release|Any CPU.ActiveCfg = Release|Any CPU
		{D8F564B5-4511-49AF-A6D7-71D7600A7C37}.Release|Any CPU.Build.0 = Release|Any CPU
		{D8F564B5-4511-49AF-A6D7-71D7600A7C37}.Release|Any CPU.Deploy.0 = Release|Any CPU
	EndGlobalSection
	GlobalSection(SolutionProperties) = preSolution
		HideSolutionNode = FALSE
	EndGlobalSection
	GlobalSection(ExtensibilityGlobals) = postSolution
		SolutionGuid = {40C0913C-94A9-45EB-8856-2AA87A3036A4}
	EndGlobalSection
EndGlobal
